
Microsoft Visual Studio Solution File, Format Version 12.00
# Visual Studio Version 17
VisualStudioVersion = 17.5.33502.453
MinimumVisualStudioVersion = 10.0.40219.1
Project("{FAE04EC0-301F-11D3-BF4B-00C04F79EFBC}") = "ClassLibrary-student-28-8", "ClassLibrary-student-28-8\ClassLibrary-student-28-8.csproj", "{D286FBEA-F587-43C8-A84C-9905CE3F8EF3}"
EndProject
Project("{FAE04EC0-301F-11D3-BF4B-00C04F79EFBC}") = "ClassLibrary-student-28-8Tests", "ClassLibrary-student-28-8Tests\ClassLibrary-student-28-8Tests.csproj", "{A29426B7-5884-467D-A612-5DD670FB9C4B}"
EndProject
Global
	GlobalSection(SolutionConfigurationPlatforms) = preSolution
		Debug|Any CPU = Debug|Any CPU
		Release|Any CPU = Release|Any CPU
	EndGlobalSection
	GlobalSection(ProjectConfigurationPlatforms) = postSolution
		{D286FBEA-F587-43C8-A84C-9905CE3F8EF3}.Debug|Any CPU.ActiveCfg = Debug|Any CPU
		{D286FBEA-F587-43C8-A84C-9905CE3F8EF3}.Debug|Any CPU.Build.0 = Debug|Any CPU
		{D286FBEA-F587-43C8-A84C-9905CE3F8EF3}.Release|Any CPU.ActiveCfg = Release|Any CPU
		{D286FBEA-F587-43C8-A84C-9905CE3F8EF3}.Release|Any CPU.Build.0 = Release|Any CPU
		{A29426B7-5884-467D-A612-5DD670FB9C4B}.Debug|Any CPU.ActiveCfg = Debug|Any CPU
		{A29426B7-5884-467D-A612-5DD670FB9C4B}.Debug|Any CPU.Build.0 = Debug|Any CPU
		{A29426B7-5884-467D-A612-5DD670FB9C4B}.Release|Any CPU.ActiveCfg = Release|Any CPU
		{A29426B7-5884-467D-A612-5DD670FB9C4B}.Release|Any CPU.Build.0 = Release|Any CPU
	EndGlobalSection
	GlobalSection(SolutionProperties) = preSolution
		HideSolutionNode = FALSE
	EndGlobalSection
	GlobalSection(ExtensibilityGlobals) = postSolution
		SolutionGuid = {B56ACA34-9B1E-4503-8DD9-2435A2F31A83}
	EndGlobalSection
EndGlobal
